
Microsoft Visual Studio Solution File, Format Version 12.00
# Visual Studio Version 17
VisualStudioVersion = 17.11.35327.3
MinimumVisualStudioVersion = 10.0.40219.1
Project("{888888A0-9F3D-457C-B088-3A5042F75D52}") = "TrafficManagementSystem", "TrafficManagementSystem\TrafficManagementSystem.pyproj", "{C2366AF8-D18C-4713-9FE3-B631BE544FE7}"
EndProject
Global
	GlobalSection(SolutionConfigurationPlatforms) = preSolution
		Debug|Any CPU = Debug|Any CPU
		Release|Any CPU = Release|Any CPU
	EndGlobalSection
	GlobalSection(ProjectConfigurationPlatforms) = postSolution
		{C2366AF8-D18C-4713-9FE3-B631BE544FE7}.Debug|Any CPU.ActiveCfg = Debug|Any CPU
		{C2366AF8-D18C-4713-9FE3-B631BE544FE7}.Release|Any CPU.ActiveCfg = Release|Any CPU
	EndGlobalSection
	GlobalSection(SolutionProperties) = preSolution
		HideSolutionNode = FALSE
	EndGlobalSection
	GlobalSection(ExtensibilityGlobals) = postSolution
		SolutionGuid = {F098C0E8-D902-4E31-B9B1-F14AA8F85A28}
	EndGlobalSection
EndGlobal
